// !$*UTF8*$!
{
	archiveVersion = 1;
	classes = {
	};
	objectVersion = 46;
	objects = {

/* Begin PBXBuildFile section */
		170D65101EF4045C00959C4E /* UIView+Animation.m in Sources */ = {isa = PBXBuildFile; fileRef = 170D650F1EF4045C00959C4E /* UIView+Animation.m */; };
		171386111EF2B7F1000FBAF2 /* main.m in Sources */ = {isa = PBXBuildFile; fileRef = 171386101EF2B7F1000FBAF2 /* main.m */; };
		171386141EF2B7F1000FBAF2 /* AppDelegate.m in Sources */ = {isa = PBXBuildFile; fileRef = 171386131EF2B7F1000FBAF2 /* AppDelegate.m */; };
		1713861A1EF2B7F1000FBAF2 /* Main.storyboard in Resources */ = {isa = PBXBuildFile; fileRef = 171386181EF2B7F1000FBAF2 /* Main.storyboard */; };
		1713861C1EF2B7F1000FBAF2 /* Assets.xcassets in Resources */ = {isa = PBXBuildFile; fileRef = 1713861B1EF2B7F1000FBAF2 /* Assets.xcassets */; };
		1713861F1EF2B7F1000FBAF2 /* LaunchScreen.storyboard in Resources */ = {isa = PBXBuildFile; fileRef = 1713861D1EF2B7F1000FBAF2 /* LaunchScreen.storyboard */; };
		1713862A1EF2B7F1000FBAF2 /* ThumbUpAnimation_DemoTests.m in Sources */ = {isa = PBXBuildFile; fileRef = 171386291EF2B7F1000FBAF2 /* ThumbUpAnimation_DemoTests.m */; };
		171386351EF2B7F1000FBAF2 /* ThumbUpAnimation_DemoUITests.m in Sources */ = {isa = PBXBuildFile; fileRef = 171386341EF2B7F1000FBAF2 /* ThumbUpAnimation_DemoUITests.m */; };
		B6F6D59A1EF2DA54007E2B10 /* TestViewController.m in Sources */ = {isa = PBXBuildFile; fileRef = B6F6D5991EF2DA54007E2B10 /* TestViewController.m */; };
/* End PBXBuildFile section */

/* Begin PBXContainerItemProxy section */
		171386261EF2B7F1000FBAF2 /* PBXContainerItemProxy */ = {
			isa = PBXContainerItemProxy;
			containerPortal = 171386041EF2B7F0000FBAF2 /* Project object */;
			proxyType = 1;
			remoteGlobalIDString = 1713860B1EF2B7F1000FBAF2;
			remoteInfo = ThumbUpAnimation_Demo;
		};
		171386311EF2B7F1000FBAF2 /* PBXContainerItemProxy */ = {
			isa = PBXContainerItemProxy;
			containerPortal = 171386041EF2B7F0000FBAF2 /* Project object */;
			proxyType = 1;
			remoteGlobalIDString = 1713860B1EF2B7F1000FBAF2;
			remoteInfo = ThumbUpAnimation_Demo;
		};
/* End PBXContainerItemProxy section */

/* Begin PBXFileReference section */
		170D650E1EF4045C00959C4E /* UIView+Animation.h */ = {isa = PBXFileReference; fileEncoding = 4; lastKnownFileType = sourcecode.c.h; path = "UIView+Animation.h"; sourceTree = "<group>"; };
		170D650F1EF4045C00959C4E /* UIView+Animation.m */ = {isa = PBXFileReference; fileEncoding = 4; lastKnownFileType = sourcecode.c.objc; path = "UIView+Animation.m"; sourceTree = "<group>"; };
		1713860C1EF2B7F1000FBAF2 /* ThumbUpAnimation_Demo.app */ = {isa = PBXFileReference; explicitFileType = wrapper.application; includeInIndex = 0; path = ThumbUpAnimation_Demo.app; sourceTree = BUILT_PRODUCTS_DIR; };
		171386101EF2B7F1000FBAF2 /* main.m */ = {isa = PBXFileReference; lastKnownFileType = sourcecode.c.objc; path = main.m; sourceTree = "<group>"; };
		171386121EF2B7F1000FBAF2 /* AppDelegate.h */ = {isa = PBXFileReference; lastKnownFileType = sourcecode.c.h; path = AppDelegate.h; sourceTree = "<group>"; };
		171386131EF2B7F1000FBAF2 /* AppDelegate.m */ = {isa = PBXFileReference; lastKnownFileType = sourcecode.c.objc; path = AppDelegate.m; sourceTree = "<group>"; };
		171386191EF2B7F1000FBAF2 /* Base */ = {isa = PBXFileReference; lastKnownFileType = file.storyboard; name = Base; path = Base.lproj/Main.storyboard; sourceTree = "<group>"; };
		1713861B1EF2B7F1000FBAF2 /* Assets.xcassets */ = {isa = PBXFileReference; lastKnownFileType = folder.assetcatalog; path = Assets.xcassets; sourceTree = "<group>"; };
		1713861E1EF2B7F1000FBAF2 /* Base */ = {isa = PBXFileReference; lastKnownFileType = file.storyboard; name = Base; path = Base.lproj/LaunchScreen.storyboard; sourceTree = "<group>"; };
		171386201EF2B7F1000FBAF2 /* Info.plist */ = {isa = PBXFileReference; lastKnownFileType = text.plist.xml; path = Info.plist; sourceTree = "<group>"; };
		171386251EF2B7F1000FBAF2 /* ThumbUpAnimation_DemoTests.xctest */ = {isa = PBXFileReference; explicitFileType = wrapper.cfbundle; includeInIndex = 0; path = ThumbUpAnimation_DemoTests.xctest; sourceTree = BUILT_PRODUCTS_DIR; };
		171386291EF2B7F1000FBAF2 /* ThumbUpAnimation_DemoTests.m */ = {isa = PBXFileReference; lastKnownFileType = sourcecode.c.objc; path = ThumbUpAnimation_DemoTests.m; sourceTree = "<group>"; };
		1713862B1EF2B7F1000FBAF2 /* Info.plist */ = {isa = PBXFileReference; lastKnownFileType = text.plist.xml; path = Info.plist; sourceTree = "<group>"; };
		171386301EF2B7F1000FBAF2 /* ThumbUpAnimation_DemoUITests.xctest */ = {isa = PBXFileReference; explicitFileType = wrapper.cfbundle; includeInIndex = 0; path = ThumbUpAnimation_DemoUITests.xctest; sourceTree = BUILT_PRODUCTS_DIR; };
		171386341EF2B7F1000FBAF2 /* ThumbUpAnimation_DemoUITests.m */ = {isa = PBXFileReference; lastKnownFileType = sourcecode.c.objc; path = ThumbUpAnimation_DemoUITests.m; sourceTree = "<group>"; };
		171386361EF2B7F1000FBAF2 /* Info.plist */ = {isa = PBXFileReference; lastKnownFileType = text.plist.xml; path = Info.plist; sourceTree = "<group>"; };
		B6F6D5981EF2DA54007E2B10 /* TestViewController.h */ = {isa = PBXFileReference; fileEncoding = 4; lastKnownFileType = sourcecode.c.h; path = TestViewController.h; sourceTree = "<group>"; };
		B6F6D5991EF2DA54007E2B10 /* TestViewController.m */ = {isa = PBXFileReference; fileEncoding = 4; lastKnownFileType = sourcecode.c.objc; path = TestViewController.m; sourceTree = "<group>"; };
/* End PBXFileReference section */

/* Begin PBXFrameworksBuildPhase section */
		171386091EF2B7F1000FBAF2 /* Frameworks */ = {
			isa = PBXFrameworksBuildPhase;
			buildActionMask = 2147483647;
			files = (
			);
			runOnlyForDeploymentPostprocessing = 0;
		};
		171386221EF2B7F1000FBAF2 /* Frameworks */ = {
			isa = PBXFrameworksBuildPhase;
			buildActionMask = 2147483647;
			files = (
			);
			runOnlyForDeploymentPostprocessing = 0;
		};
		1713862D1EF2B7F1000FBAF2 /* Frameworks */ = {
			isa = PBXFrameworksBuildPhase;
			buildActionMask = 2147483647;
			files = (
			);
			runOnlyForDeploymentPostprocessing = 0;
		};
/* End PBXFrameworksBuildPhase section */

/* Begin PBXGroup section */
		170D65041EF402B300959C4E /* Category */ = {
			isa = PBXGroup;
			children = (
				170D650E1EF4045C00959C4E /* UIView+Animation.h */,
				170D650F1EF4045C00959C4E /* UIView+Animation.m */,
			);
			path = Category;
			sourceTree = "<group>";
		};
		171386031EF2B7F0000FBAF2 = {
			isa = PBXGroup;
			children = (
				1713860E1EF2B7F1000FBAF2 /* ThumbUpAnimation_Demo */,
				171386281EF2B7F1000FBAF2 /* ThumbUpAnimation_DemoTests */,
				171386331EF2B7F1000FBAF2 /* ThumbUpAnimation_DemoUITests */,
				1713860D1EF2B7F1000FBAF2 /* Products */,
			);
			sourceTree = "<group>";
		};
		1713860D1EF2B7F1000FBAF2 /* Products */ = {
			isa = PBXGroup;
			children = (
				1713860C1EF2B7F1000FBAF2 /* ThumbUpAnimation_Demo.app */,
				171386251EF2B7F1000FBAF2 /* ThumbUpAnimation_DemoTests.xctest */,
				171386301EF2B7F1000FBAF2 /* ThumbUpAnimation_DemoUITests.xctest */,
			);
			name = Products;
			sourceTree = "<group>";
		};
		1713860E1EF2B7F1000FBAF2 /* ThumbUpAnimation_Demo */ = {
			isa = PBXGroup;
			children = (
				171386121EF2B7F1000FBAF2 /* AppDelegate.h */,
				171386131EF2B7F1000FBAF2 /* AppDelegate.m */,
				170D65041EF402B300959C4E /* Category */,
				B6F6D5941EF2DA32007E2B10 /* ViewController */,
				171386181EF2B7F1000FBAF2 /* Main.storyboard */,
				1713861B1EF2B7F1000FBAF2 /* Assets.xcassets */,
				1713861D1EF2B7F1000FBAF2 /* LaunchScreen.storyboard */,
				171386201EF2B7F1000FBAF2 /* Info.plist */,
				1713860F1EF2B7F1000FBAF2 /* Supporting Files */,
			);
			path = ThumbUpAnimation_Demo;
			sourceTree = "<group>";
		};
		1713860F1EF2B7F1000FBAF2 /* Supporting Files */ = {
			isa = PBXGroup;
			children = (
				171386101EF2B7F1000FBAF2 /* main.m */,
			);
			name = "Supporting Files";
			sourceTree = "<group>";
		};
		171386281EF2B7F1000FBAF2 /* ThumbUpAnimation_DemoTests */ = {
			isa = PBXGroup;
			children = (
				171386291EF2B7F1000FBAF2 /* ThumbUpAnimation_DemoTests.m */,
				1713862B1EF2B7F1000FBAF2 /* Info.plist */,
			);
			path = ThumbUpAnimation_DemoTests;
			sourceTree = "<group>";
		};
		171386331EF2B7F1000FBAF2 /* ThumbUpAnimation_DemoUITests */ = {
			isa = PBXGroup;
			children = (
				171386341EF2B7F1000FBAF2 /* ThumbUpAnimation_DemoUITests.m */,
				171386361EF2B7F1000FBAF2 /* Info.plist */,
			);
			path = ThumbUpAnimation_DemoUITests;
			sourceTree = "<group>";
		};
		B6F6D5941EF2DA32007E2B10 /* ViewController */ = {
			isa = PBXGroup;
			children = (
				B6F6D5981EF2DA54007E2B10 /* TestViewController.h */,
				B6F6D5991EF2DA54007E2B10 /* TestViewController.m */,
			);
			path = ViewController;
			sourceTree = "<group>";
		};
/* End PBXGroup section */

/* Begin PBXNativeTarget section */
		1713860B1EF2B7F1000FBAF2 /* ThumbUpAnimation_Demo */ = {
			isa = PBXNativeTarget;
			buildConfigurationList = 171386391EF2B7F1000FBAF2 /* Build configuration list for PBXNativeTarget "ThumbUpAnimation_Demo" */;
			buildPhases = (
				171386081EF2B7F1000FBAF2 /* Sources */,
				171386091EF2B7F1000FBAF2 /* Frameworks */,
				1713860A1EF2B7F1000FBAF2 /* Resources */,
			);
			buildRules = (
			);
			dependencies = (
			);
			name = ThumbUpAnimation_Demo;
			productName = ThumbUpAnimation_Demo;
			productReference = 1713860C1EF2B7F1000FBAF2 /* ThumbUpAnimation_Demo.app */;
			productType = "com.apple.product-type.application";
		};
		171386241EF2B7F1000FBAF2 /* ThumbUpAnimation_DemoTests */ = {
			isa = PBXNativeTarget;
			buildConfigurationList = 1713863C1EF2B7F1000FBAF2 /* Build configuration list for PBXNativeTarget "ThumbUpAnimation_DemoTests" */;
			buildPhases = (
				171386211EF2B7F1000FBAF2 /* Sources */,
				171386221EF2B7F1000FBAF2 /* Frameworks */,
				171386231EF2B7F1000FBAF2 /* Resources */,
			);
			buildRules = (
			);
			dependencies = (
				171386271EF2B7F1000FBAF2 /* PBXTargetDependency */,
			);
			name = ThumbUpAnimation_DemoTests;
			productName = ThumbUpAnimation_DemoTests;
			productReference = 171386251EF2B7F1000FBAF2 /* ThumbUpAnimation_DemoTests.xctest */;
			productType = "com.apple.product-type.bundle.unit-test";
		};
		1713862F1EF2B7F1000FBAF2 /* ThumbUpAnimation_DemoUITests */ = {
			isa = PBXNativeTarget;
			buildConfigurationList = 1713863F1EF2B7F1000FBAF2 /* Build configuration list for PBXNativeTarget "ThumbUpAnimation_DemoUITests" */;
			buildPhases = (
				1713862C1EF2B7F1000FBAF2 /* Sources */,
				1713862D1EF2B7F1000FBAF2 /* Frameworks */,
				1713862E1EF2B7F1000FBAF2 /* Resources */,
			);
			buildRules = (
			);
			dependencies = (
				171386321EF2B7F1000FBAF2 /* PBXTargetDependency */,
			);
			name = ThumbUpAnimation_DemoUITests;
			productName = ThumbUpAnimation_DemoUITests;
			productReference = 171386301EF2B7F1000FBAF2 /* ThumbUpAnimation_DemoUITests.xctest */;
			productType = "com.apple.product-type.bundle.ui-testing";
		};
/* End PBXNativeTarget section */

/* Begin PBXProject section */
		171386041EF2B7F0000FBAF2 /* Project object */ = {
			isa = PBXProject;
			attributes = {
				LastUpgradeCheck = 0800;
				ORGANIZATIONNAME = YZL;
				TargetAttributes = {
					1713860B1EF2B7F1000FBAF2 = {
						CreatedOnToolsVersion = 8.0;
						DevelopmentTeam = VWHN44J49B;
						ProvisioningStyle = Automatic;
					};
					171386241EF2B7F1000FBAF2 = {
						CreatedOnToolsVersion = 8.0;
						ProvisioningStyle = Automatic;
						TestTargetID = 1713860B1EF2B7F1000FBAF2;
					};
					1713862F1EF2B7F1000FBAF2 = {
						CreatedOnToolsVersion = 8.0;
						ProvisioningStyle = Automatic;
						TestTargetID = 1713860B1EF2B7F1000FBAF2;
					};
				};
			};
			buildConfigurationList = 171386071EF2B7F0000FBAF2 /* Build configuration list for PBXProject "ThumbUpAnimation_Demo" */;
			compatibilityVersion = "Xcode 3.2";
			developmentRegion = English;
			hasScannedForEncodings = 0;
			knownRegions = (
				en,
				Base,
			);
			mainGroup = 171386031EF2B7F0000FBAF2;
			productRefGroup = 1713860D1EF2B7F1000FBAF2 /* Products */;
			projectDirPath = "";
			projectRoot = "";
			targets = (
				1713860B1EF2B7F1000FBAF2 /* ThumbUpAnimation_Demo */,
				171386241EF2B7F1000FBAF2 /* ThumbUpAnimation_DemoTests */,
				1713862F1EF2B7F1000FBAF2 /* ThumbUpAnimation_DemoUITests */,
			);
		};
/* End PBXProject section */

/* Begin PBXResourcesBuildPhase section */
		1713860A1EF2B7F1000FBAF2 /* Resources */ = {
			isa = PBXResourcesBuildPhase;
			buildActionMask = 2147483647;
			files = (
				1713861F1EF2B7F1000FBAF2 /* LaunchScreen.storyboard in Resources */,
				1713861C1EF2B7F1000FBAF2 /* Assets.xcassets in Resources */,
				1713861A1EF2B7F1000FBAF2 /* Main.storyboard in Resources */,
			);
			runOnlyForDeploymentPostprocessing = 0;
		};
		171386231EF2B7F1000FBAF2 /* Resources */ = {
			isa = PBXResourcesBuildPhase;
			buildActionMask = 2147483647;
			files = (
			);
			runOnlyForDeploymentPostprocessing = 0;
		};
		1713862E1EF2B7F1000FBAF2 /* Resources */ = {
			isa = PBXResourcesBuildPhase;
			buildActionMask = 2147483647;
			files = (
			);
			runOnlyForDeploymentPostprocessing = 0;
		};
/* End PBXResourcesBuildPhase section */

/* Begin PBXSourcesBuildPhase section */
		171386081EF2B7F1000FBAF2 /* Sources */ = {
			isa = PBXSourcesBuildPhase;
			buildActionMask = 2147483647;
			files = (
				170D65101EF4045C00959C4E /* UIView+Animation.m in Sources */,
				171386141EF2B7F1000FBAF2 /* AppDelegate.m in Sources */,
				B6F6D59A1EF2DA54007E2B10 /* TestViewController.m in Sources */,
				171386111EF2B7F1000FBAF2 /* main.m in Sources */,
			);
			runOnlyForDeploymentPostprocessing = 0;
		};
		171386211EF2B7F1000FBAF2 /* Sources */ = {
			isa = PBXSourcesBuildPhase;
			buildActionMask = 2147483647;
			files = (
				1713862A1EF2B7F1000FBAF2 /* ThumbUpAnimation_DemoTests.m in Sources */,
			);
			runOnlyForDeploymentPostprocessing = 0;
		};
		1713862C1EF2B7F1000FBAF2 /* Sources */ = {
			isa = PBXSourcesBuildPhase;
			buildActionMask = 2147483647;
			files = (
				171386351EF2B7F1000FBAF2 /* ThumbUpAnimation_DemoUITests.m in Sources */,
			);
			runOnlyForDeploymentPostprocessing = 0;
		};
/* End PBXSourcesBuildPhase section */

/* Begin PBXTargetDependency section */
		171386271EF2B7F1000FBAF2 /* PBXTargetDependency */ = {
			isa = PBXTargetDependency;
			target = 1713860B1EF2B7F1000FBAF2 /* ThumbUpAnimation_Demo */;
			targetProxy = 171386261EF2B7F1000FBAF2 /* PBXContainerItemProxy */;
		};
		171386321EF2B7F1000FBAF2 /* PBXTargetDependency */ = {
			isa = PBXTargetDependency;
			target = 1713860B1EF2B7F1000FBAF2 /* ThumbUpAnimation_Demo */;
			targetProxy = 171386311EF2B7F1000FBAF2 /* PBXContainerItemProxy */;
		};
/* End PBXTargetDependency section */

/* Begin PBXVariantGroup section */
		171386181EF2B7F1000FBAF2 /* Main.storyboard */ = {
			isa = PBXVariantGroup;
			children = (
				171386191EF2B7F1000FBAF2 /* Base */,
			);
			name = Main.storyboard;
			sourceTree = "<group>";
		};
		1713861D1EF2B7F1000FBAF2 /* LaunchScreen.storyboard */ = {
			isa = PBXVariantGroup;
			children = (
				1713861E1EF2B7F1000FBAF2 /* Base */,
			);
			name = LaunchScreen.storyboard;
			sourceTree = "<group>";
		};
/* End PBXVariantGroup section */

/* Begin XCBuildConfiguration section */
		171386371EF2B7F1000FBAF2 /* Debug */ = {
			isa = XCBuildConfiguration;
			buildSettings = {
				ALWAYS_SEARCH_USER_PATHS = NO;
				CLANG_ANALYZER_NONNULL = YES;
				CLANG_CXX_LANGUAGE_STANDARD = "gnu++0x";
				CLANG_CXX_LIBRARY = "libc++";
				CLANG_ENABLE_MODULES = YES;
				CLANG_ENABLE_OBJC_ARC = YES;
				CLANG_WARN_BOOL_CONVERSION = YES;
				CLANG_WARN_CONSTANT_CONVERSION = YES;
				CLANG_WARN_DIRECT_OBJC_ISA_USAGE = YES_ERROR;
				CLANG_WARN_DOCUMENTATION_COMMENTS = YES;
				CLANG_WARN_EMPTY_BODY = YES;
				CLANG_WARN_ENUM_CONVERSION = YES;
				CLANG_WARN_INFINITE_RECURSION = YES;
				CLANG_WARN_INT_CONVERSION = YES;
				CLANG_WARN_OBJC_ROOT_CLASS = YES_ERROR;
				CLANG_WARN_SUSPICIOUS_MOVES = YES;
				CLANG_WARN_UNREACHABLE_CODE = YES;
				CLANG_WARN__DUPLICATE_METHOD_MATCH = YES;
				"CODE_SIGN_IDENTITY[sdk=iphoneos*]" = "iPhone Developer";
				COPY_PHASE_STRIP = NO;
				DEBUG_INFORMATION_FORMAT = dwarf;
				ENABLE_STRICT_OBJC_MSGSEND = YES;
				ENABLE_TESTABILITY = YES;
				GCC_C_LANGUAGE_STANDARD = gnu99;
				GCC_DYNAMIC_NO_PIC = NO;
				GCC_NO_COMMON_BLOCKS = YES;
				GCC_OPTIMIZATION_LEVEL = 0;
				GCC_PREPROCESSOR_DEFINITIONS = (
					"DEBUG=1",
					"$(inherited)",
				);
				GCC_WARN_64_TO_32_BIT_CONVERSION = YES;
				GCC_WARN_ABOUT_RETURN_TYPE = YES_ERROR;
				GCC_WARN_UNDECLARED_SELECTOR = YES;
				GCC_WARN_UNINITIALIZED_AUTOS = YES_AGGRESSIVE;
				GCC_WARN_UNUSED_FUNCTION = YES;
				GCC_WARN_UNUSED_VARIABLE = YES;
				IPHONEOS_DEPLOYMENT_TARGET = 10.0;
				MTL_ENABLE_DEBUG_INFO = YES;
				ONLY_ACTIVE_ARCH = YES;
				SDKROOT = iphoneos;
			};
			name = Debug;
		};
		171386381EF2B7F1000FBAF2 /* Release */ = {
			isa = XCBuildConfiguration;
			buildSettings = {
				ALWAYS_SEARCH_USER_PATHS = NO;
				CLANG_ANALYZER_NONNULL = YES;
				CLANG_CXX_LANGUAGE_STANDARD = "gnu++0x";
				CLANG_CXX_LIBRARY = "libc++";
				CLANG_ENABLE_MODULES = YES;
				CLANG_ENABLE_OBJC_ARC = YES;
				CLANG_WARN_BOOL_CONVERSION = YES;
				CLANG_WARN_CONSTANT_CONVERSION = YES;
				CLANG_WARN_DIRECT_OBJC_ISA_USAGE = YES_ERROR;
				CLANG_WARN_DOCUMENTATION_COMMENTS = YES;
				CLANG_WARN_EMPTY_BODY = YES;
				CLANG_WARN_ENUM_CONVERSION = YES;
				CLANG_WARN_INFINITE_RECURSION = YES;
				CLANG_WARN_INT_CONVERSION = YES;
				CLANG_WARN_OBJC_ROOT_CLASS = YES_ERROR;
				CLANG_WARN_SUSPICIOUS_MOVES = YES;
				CLANG_WARN_UNREACHABLE_CODE = YES;
				CLANG_WARN__DUPLICATE_METHOD_MATCH = YES;
				"CODE_SIGN_IDENTITY[sdk=iphoneos*]" = "iPhone Developer";
				COPY_PHASE_STRIP = NO;
				DEBUG_INFORMATION_FORMAT = "dwarf-with-dsym";
				ENABLE_NS_ASSERTIONS = NO;
				ENABLE_STRICT_OBJC_MSGSEND = YES;
				GCC_C_LANGUAGE_STANDARD = gnu99;
				GCC_NO_COMMON_BLOCKS = YES;
				GCC_WARN_64_TO_32_BIT_CONVERSION = YES;
				GCC_WARN_ABOUT_RETURN_TYPE = YES_ERROR;
				GCC_WARN_UNDECLARED_SELECTOR = YES;
				GCC_WARN_UNINITIALIZED_AUTOS = YES_AGGRESSIVE;
				GCC_WARN_UNUSED_FUNCTION = YES;
				GCC_WARN_UNUSED_VARIABLE = YES;
				IPHONEOS_DEPLOYMENT_TARGET = 10.0;
				MTL_ENABLE_DEBUG_INFO = NO;
				SDKROOT = iphoneos;
				VALIDATE_PRODUCT = YES;
			};
			name = Release;
		};
		1713863A1EF2B7F1000FBAF2 /* Debug */ = {
			isa = XCBuildConfiguration;
			buildSettings = {
				ASSETCATALOG_COMPILER_APPICON_NAME = AppIcon;
				DEVELOPMENT_TEAM = VWHN44J49B;
				INFOPLIST_FILE = ThumbUpAnimation_Demo/Info.plist;
				LD_RUNPATH_SEARCH_PATHS = "$(inherited) @executable_path/Frameworks";
				PRODUCT_BUNDLE_IDENTIFIER = "com.yzl.ThumbUpAnimation-Demo";
				PRODUCT_NAME = "$(TARGET_NAME)";
			};
			name = Debug;
		};
		1713863B1EF2B7F1000FBAF2 /* Release */ = {
			isa = XCBuildConfiguration;
			buildSettings = {
				ASSETCATALOG_COMPILER_APPICON_NAME = AppIcon;
				DEVELOPMENT_TEAM = VWHN44J49B;
				INFOPLIST_FILE = ThumbUpAnimation_Demo/Info.plist;
				LD_RUNPATH_SEARCH_PATHS = "$(inherited) @executable_path/Frameworks";
				PRODUCT_BUNDLE_IDENTIFIER = "com.yzl.ThumbUpAnimation-Demo";
				PRODUCT_NAME = "$(TARGET_NAME)";
			};
			name = Release;
		};
		1713863D1EF2B7F1000FBAF2 /* Debug */ = {
			isa = XCBuildConfiguration;
			buildSettings = {
				BUNDLE_LOADER = "$(TEST_HOST)";
				INFOPLIST_FILE = ThumbUpAnimation_DemoTests/Info.plist;
				LD_RUNPATH_SEARCH_PATHS = "$(inherited) @executable_path/Frameworks @loader_path/Frameworks";
				PRODUCT_BUNDLE_IDENTIFIER = "com.yzl.ThumbUpAnimation-DemoTests";
				PRODUCT_NAME = "$(TARGET_NAME)";
				TEST_HOST = "$(BUILT_PRODUCTS_DIR)/ThumbUpAnimation_Demo.app/ThumbUpAnimation_Demo";
			};
			name = Debug;
		};
		1713863E1EF2B7F1000FBAF2 /* Release */ = {
			isa = XCBuildConfiguration;
			buildSettings = {
				BUNDLE_LOADER = "$(TEST_HOST)";
				INFOPLIST_FILE = ThumbUpAnimation_DemoTests/Info.plist;
				LD_RUNPATH_SEARCH_PATHS = "$(inherited) @executable_path/Frameworks @loader_path/Frameworks";
				PRODUCT_BUNDLE_IDENTIFIER = "com.yzl.ThumbUpAnimation-DemoTests";
				PRODUCT_NAME = "$(TARGET_NAME)";
				TEST_HOST = "$(BUILT_PRODUCTS_DIR)/ThumbUpAnimation_Demo.app/ThumbUpAnimation_Demo";
			};
			name = Release;
		};
		171386401EF2B7F1000FBAF2 /* Debug */ = {
			isa = XCBuildConfiguration;
			buildSettings = {
				INFOPLIST_FILE = ThumbUpAnimation_DemoUITests/Info.plist;
				LD_RUNPATH_SEARCH_PATHS = "$(inherited) @executable_path/Frameworks @loader_path/Frameworks";
				PRODUCT_BUNDLE_IDENTIFIER = "com.yzl.ThumbUpAnimation-DemoUITests";
				PRODUCT_NAME = "$(TARGET_NAME)";
				TEST_TARGET_NAME = ThumbUpAnimation_Demo;
			};
			name = Debug;
		};
		171386411EF2B7F1000FBAF2 /* Release */ = {
			isa = XCBuildConfiguration;
			buildSettings = {
				INFOPLIST_FILE = ThumbUpAnimation_DemoUITests/Info.plist;
				LD_RUNPATH_SEARCH_PATHS = "$(inherited) @executable_path/Frameworks @loader_path/Frameworks";
				PRODUCT_BUNDLE_IDENTIFIER = "com.yzl.ThumbUpAnimation-DemoUITests";
				PRODUCT_NAME = "$(TARGET_NAME)";
				TEST_TARGET_NAME = ThumbUpAnimation_Demo;
			};
			name = Release;
		};
/* End XCBuildConfiguration section */

/* Begin XCConfigurationList section */
		171386071EF2B7F0000FBAF2 /* Build configuration list for PBXProject "ThumbUpAnimation_Demo" */ = {
			isa = XCConfigurationList;
			buildConfigurations = (
				171386371EF2B7F1000FBAF2 /* Debug */,
				171386381EF2B7F1000FBAF2 /* Release */,
			);
			defaultConfigurationIsVisible = 0;
			defaultConfigurationName = Release;
		};
		171386391EF2B7F1000FBAF2 /* Build configuration list for PBXNativeTarget "ThumbUpAnimation_Demo" */ = {
			isa = XCConfigurationList;
			buildConfigurations = (
				1713863A1EF2B7F1000FBAF2 /* Debug */,
				1713863B1EF2B7F1000FBAF2 /* Release */,
			);
			defaultConfigurationIsVisible = 0;
			defaultConfigurationName = Release;
		};
		1713863C1EF2B7F1000FBAF2 /* Build configuration list for PBXNativeTarget "ThumbUpAnimation_DemoTests" */ = {
			isa = XCConfigurationList;
			buildConfigurations = (
				1713863D1EF2B7F1000FBAF2 /* Debug */,
				1713863E1EF2B7F1000FBAF2 /* Release */,
			);
			defaultConfigurationIsVisible = 0;
			defaultConfigurationName = Release;
		};
		1713863F1EF2B7F1000FBAF2 /* Build configuration list for PBXNativeTarget "ThumbUpAnimation_DemoUITests" */ = {
			isa = XCConfigurationList;
			buildConfigurations = (
				171386401EF2B7F1000FBAF2 /* Debug */,
				171386411EF2B7F1000FBAF2 /* Release */,
			);
			defaultConfigurationIsVisible = 0;
			defaultConfigurationName = Release;
		};
/* End XCConfigurationList section */
	};
	rootObject = 171386041EF2B7F0000FBAF2 /* Project object */;
}
